
Microsoft Visual Studio Solution File, Format Version 12.00
# Visual Studio Version 16
VisualStudioVersion = 16.0.29230.47
MinimumVisualStudioVersion = 10.0.40219.1
Project("{9A19103F-16F7-4668-BE54-9A1E7A4F7556}") = "Orion.Net", "Orion.Net\Orion.Net.csproj", "{EEF96B63-118A-43AD-BB1B-2907C0AD0678}"
EndProject
Project("{2150E333-8FDC-42A3-9474-1A3956D46DE8}") = "Server", "Server", "{B40BD5AD-C544-4957-9F11-58982784854E}"
EndProject
Project("{9A19103F-16F7-4668-BE54-9A1E7A4F7556}") = "Orion.Net.Core", "Orion.Net.Core\Orion.Net.Core.csproj", "{7F7AD3D3-FE43-4C00-AA92-D22EF122506A}"
EndProject
Project("{2150E333-8FDC-42A3-9474-1A3956D46DE8}") = "Client", "Client", "{D253B937-0C49-41DB-8E7B-D95710153C28}"
EndProject
Project("{2150E333-8FDC-42A3-9474-1A3956D46DE8}") = "Library", "Library", "{7DFAF173-647F-496B-96E3-655EF2CC6375}"
EndProject
Project("{9A19103F-16F7-4668-BE54-9A1E7A4F7556}") = "Orion.Net.Client.Wpf", "Orion.Net.Client.Wpf\Orion.Net.Client.Wpf.csproj", "{970A39BD-4FDC-40ED-BE31-F764E1828F56}"
EndProject
Project("{9A19103F-16F7-4668-BE54-9A1E7A4F7556}") = "Orion.Net.Core.UnitTests", "Orion.Net.Core.UnitTests\Orion.Net.Core.UnitTests.csproj", "{EF4356AC-0520-4690-8129-77AACE8B8E54}"
EndProject
Project("{9A19103F-16F7-4668-BE54-9A1E7A4F7556}") = "Orion.Net.Scripts.Common", "Orion.Net.Scripts.Common\Orion.Net.Scripts.Common.csproj", "{5D8107A4-0B23-48B0-921C-1EADDECD70AD}"
EndProject
Project("{9A19103F-16F7-4668-BE54-9A1E7A4F7556}") = "Orion.Net.Client", "Orion.Net.Client\Orion.Net.Client.csproj", "{5D8107A4-0B34-49B0-921C-1EADDECD70AD}"
EndProject
Project("{9A19103F-16F7-4668-BE54-9A1E7A4F7556}") = "Orion.Net.Client.UnitTests", "Orion.Net.Client.UnitTests\Orion.Net.Client.UnitTests.csproj", "{3591E24B-20BB-4532-87F5-146CA5E8E83A}"
EndProject
Project("{2150E333-8FDC-42A3-9474-1A3956D46DE8}") = "Library", "Library", "{720C5545-35BF-41CF-A81D-266E2BC50C62}"
EndProject
Project("{2150E333-8FDC-42A3-9474-1A3956D46DE8}") = "Tests", "Tests", "{2109CB3F-8C45-4E1E-8B48-2F771D9CD872}"
EndProject
Project("{2150E333-8FDC-42A3-9474-1A3956D46DE8}") = "Common", "Common", "{4BF664C4-D111-4032-A7E8-24ECEAF39483}"
EndProject
Project("{2150E333-8FDC-42A3-9474-1A3956D46DE8}") = "Tests", "Tests", "{394EF56F-BB06-4EE7-8060-24D47E010928}"
EndProject
Global
	GlobalSection(SolutionConfigurationPlatforms) = preSolution
		Debug|Any CPU = Debug|Any CPU
		Release|Any CPU = Release|Any CPU
	EndGlobalSection
	GlobalSection(ProjectConfigurationPlatforms) = postSolution
		{EEF96B63-118A-43AD-BB1B-2907C0AD0678}.Debug|Any CPU.ActiveCfg = Debug|Any CPU
		{EEF96B63-118A-43AD-BB1B-2907C0AD0678}.Debug|Any CPU.Build.0 = Debug|Any CPU
		{EEF96B63-118A-43AD-BB1B-2907C0AD0678}.Release|Any CPU.ActiveCfg = Release|Any CPU
		{EEF96B63-118A-43AD-BB1B-2907C0AD0678}.Release|Any CPU.Build.0 = Release|Any CPU
		{7F7AD3D3-FE43-4C00-AA92-D22EF122506A}.Debug|Any CPU.ActiveCfg = Debug|Any CPU
		{7F7AD3D3-FE43-4C00-AA92-D22EF122506A}.Debug|Any CPU.Build.0 = Debug|Any CPU
		{7F7AD3D3-FE43-4C00-AA92-D22EF122506A}.Release|Any CPU.ActiveCfg = Release|Any CPU
		{7F7AD3D3-FE43-4C00-AA92-D22EF122506A}.Release|Any CPU.Build.0 = Release|Any CPU
		{970A39BD-4FDC-40ED-BE31-F764E1828F56}.Debug|Any CPU.ActiveCfg = Debug|Any CPU
		{970A39BD-4FDC-40ED-BE31-F764E1828F56}.Debug|Any CPU.Build.0 = Debug|Any CPU
		{970A39BD-4FDC-40ED-BE31-F764E1828F56}.Release|Any CPU.ActiveCfg = Release|Any CPU
		{970A39BD-4FDC-40ED-BE31-F764E1828F56}.Release|Any CPU.Build.0 = Release|Any CPU
		{EF4356AC-0520-4690-8129-77AACE8B8E54}.Debug|Any CPU.ActiveCfg = Debug|Any CPU
		{EF4356AC-0520-4690-8129-77AACE8B8E54}.Debug|Any CPU.Build.0 = Debug|Any CPU
		{EF4356AC-0520-4690-8129-77AACE8B8E54}.Release|Any CPU.ActiveCfg = Release|Any CPU
		{EF4356AC-0520-4690-8129-77AACE8B8E54}.Release|Any CPU.Build.0 = Release|Any CPU
		{5D8107A4-0B23-48B0-921C-1EADDECD70AD}.Debug|Any CPU.ActiveCfg = Debug|Any CPU
		{5D8107A4-0B23-48B0-921C-1EADDECD70AD}.Debug|Any CPU.Build.0 = Debug|Any CPU
		{5D8107A4-0B23-48B0-921C-1EADDECD70AD}.Release|Any CPU.ActiveCfg = Release|Any CPU
		{5D8107A4-0B23-48B0-921C-1EADDECD70AD}.Release|Any CPU.Build.0 = Release|Any CPU
		{5D8107A4-0B34-49B0-921C-1EADDECD70AD}.Debug|Any CPU.ActiveCfg = Debug|Any CPU
		{5D8107A4-0B34-49B0-921C-1EADDECD70AD}.Debug|Any CPU.Build.0 = Debug|Any CPU
		{5D8107A4-0B34-49B0-921C-1EADDECD70AD}.Release|Any CPU.ActiveCfg = Release|Any CPU
		{5D8107A4-0B34-49B0-921C-1EADDECD70AD}.Release|Any CPU.Build.0 = Release|Any CPU
		{3591E24B-20BB-4532-87F5-146CA5E8E83A}.Debug|Any CPU.ActiveCfg = Debug|Any CPU
		{3591E24B-20BB-4532-87F5-146CA5E8E83A}.Debug|Any CPU.Build.0 = Debug|Any CPU
		{3591E24B-20BB-4532-87F5-146CA5E8E83A}.Release|Any CPU.ActiveCfg = Release|Any CPU
		{3591E24B-20BB-4532-87F5-146CA5E8E83A}.Release|Any CPU.Build.0 = Release|Any CPU
	EndGlobalSection
	GlobalSection(SolutionProperties) = preSolution
		HideSolutionNode = FALSE
	EndGlobalSection
	GlobalSection(NestedProjects) = preSolution
		{EEF96B63-118A-43AD-BB1B-2907C0AD0678} = {B40BD5AD-C544-4957-9F11-58982784854E}
		{7F7AD3D3-FE43-4C00-AA92-D22EF122506A} = {7DFAF173-647F-496B-96E3-655EF2CC6375}
		{7DFAF173-647F-496B-96E3-655EF2CC6375} = {4BF664C4-D111-4032-A7E8-24ECEAF39483}
		{970A39BD-4FDC-40ED-BE31-F764E1828F56} = {2109CB3F-8C45-4E1E-8B48-2F771D9CD872}
		{EF4356AC-0520-4690-8129-77AACE8B8E54} = {394EF56F-BB06-4EE7-8060-24D47E010928}
		{5D8107A4-0B23-48B0-921C-1EADDECD70AD} = {720C5545-35BF-41CF-A81D-266E2BC50C62}
		{5D8107A4-0B34-49B0-921C-1EADDECD70AD} = {720C5545-35BF-41CF-A81D-266E2BC50C62}
		{3591E24B-20BB-4532-87F5-146CA5E8E83A} = {2109CB3F-8C45-4E1E-8B48-2F771D9CD872}
		{720C5545-35BF-41CF-A81D-266E2BC50C62} = {D253B937-0C49-41DB-8E7B-D95710153C28}
		{2109CB3F-8C45-4E1E-8B48-2F771D9CD872} = {D253B937-0C49-41DB-8E7B-D95710153C28}
		{394EF56F-BB06-4EE7-8060-24D47E010928} = {4BF664C4-D111-4032-A7E8-24ECEAF39483}
	EndGlobalSection
	GlobalSection(ExtensibilityGlobals) = postSolution
		SolutionGuid = {B4CB01A1-698F-4952-AC0D-E6A2F4D7BF82}
	EndGlobalSection
EndGlobal
